
Microsoft Visual Studio Solution File, Format Version 12.00
# Visual Studio Version 16
VisualStudioVersion = 16.0.30523.141
MinimumVisualStudioVersion = 10.0.40219.1
Project("{FAE04EC0-301F-11D3-BF4B-00C04F79EFBC}") = "Dragon_Port", "Dragon_Port.csproj", "{4C4909E8-708F-4BEB-896B-618335EACA52}"
EndProject
Global
	GlobalSection(SolutionConfigurationPlatforms) = preSolution
		Debug|Any CPU = Debug|Any CPU
		Release|Any CPU = Release|Any CPU
	EndGlobalSection
	GlobalSection(ProjectConfigurationPlatforms) = postSolution
		{4C4909E8-708F-4BEB-896B-618335EACA52}.Debug|Any CPU.ActiveCfg = Debug|Any CPU
		{4C4909E8-708F-4BEB-896B-618335EACA52}.Debug|Any CPU.Build.0 = Debug|Any CPU
		{4C4909E8-708F-4BEB-896B-618335EACA52}.Release|Any CPU.ActiveCfg = Release|Any CPU
		{4C4909E8-708F-4BEB-896B-618335EACA52}.Release|Any CPU.Build.0 = Release|Any CPU
	EndGlobalSection
	GlobalSection(SolutionProperties) = preSolution
		HideSolutionNode = FALSE
	EndGlobalSection
	GlobalSection(ExtensibilityGlobals) = postSolution
		SolutionGuid = {48F49D45-52F5-4E9C-9859-B4B3AB63191D}
	EndGlobalSection
EndGlobal
